
Microsoft Visual Studio Solution File, Format Version 12.00
# Visual Studio 15
VisualStudioVersion = 15.0.27130.2010
MinimumVisualStudioVersion = 10.0.40219.1
Project("{9A19103F-16F7-4668-BE54-9A1E7A4F7556}") = "SimpleTestProject", "SimpleTestProject\SimpleTestProject.csproj", "{8C40BF01-8AB5-4B0A-BB00-3140A8A14A54}"
EndProject
Project("{9A19103F-16F7-4668-BE54-9A1E7A4F7556}") = "UnitTestProject", "UnitTestProject\UnitTestProject.csproj", "{B333CAC6-D1AF-4A5A-AC9B-A7A07CD37E51}"
	ProjectSection(ProjectDependencies) = postProject
		{8C40BF01-8AB5-4B0A-BB00-3140A8A14A54} = {8C40BF01-8AB5-4B0A-BB00-3140A8A14A54}
	EndProjectSection
EndProject
Project("{FAE04EC0-301F-11D3-BF4B-00C04F79EFBC}") = "NUnitTestProject", "NUnitTestProject\NUnitTestProject.csproj", "{5E507B49-94AB-4F22-B516-93C00830DEBF}"
EndProject
Global
	GlobalSection(SolutionConfigurationPlatforms) = preSolution
		Debug|Any CPU = Debug|Any CPU
		Release|Any CPU = Release|Any CPU
	EndGlobalSection
	GlobalSection(ProjectConfigurationPlatforms) = postSolution
		{8C40BF01-8AB5-4B0A-BB00-3140A8A14A54}.Debug|Any CPU.ActiveCfg = Debug|Any CPU
		{8C40BF01-8AB5-4B0A-BB00-3140A8A14A54}.Debug|Any CPU.Build.0 = Debug|Any CPU
		{8C40BF01-8AB5-4B0A-BB00-3140A8A14A54}.Release|Any CPU.ActiveCfg = Release|Any CPU
		{8C40BF01-8AB5-4B0A-BB00-3140A8A14A54}.Release|Any CPU.Build.0 = Release|Any CPU
		{B333CAC6-D1AF-4A5A-AC9B-A7A07CD37E51}.Debug|Any CPU.ActiveCfg = Debug|Any CPU
		{B333CAC6-D1AF-4A5A-AC9B-A7A07CD37E51}.Debug|Any CPU.Build.0 = Debug|Any CPU
		{B333CAC6-D1AF-4A5A-AC9B-A7A07CD37E51}.Release|Any CPU.ActiveCfg = Release|Any CPU
		{B333CAC6-D1AF-4A5A-AC9B-A7A07CD37E51}.Release|Any CPU.Build.0 = Release|Any CPU
		{5E507B49-94AB-4F22-B516-93C00830DEBF}.Debug|Any CPU.ActiveCfg = Debug|Any CPU
		{5E507B49-94AB-4F22-B516-93C00830DEBF}.Debug|Any CPU.Build.0 = Debug|Any CPU
		{5E507B49-94AB-4F22-B516-93C00830DEBF}.Release|Any CPU.ActiveCfg = Release|Any CPU
		{5E507B49-94AB-4F22-B516-93C00830DEBF}.Release|Any CPU.Build.0 = Release|Any CPU
	EndGlobalSection
	GlobalSection(SolutionProperties) = preSolution
		HideSolutionNode = FALSE
	EndGlobalSection
	GlobalSection(ExtensibilityGlobals) = postSolution
		SolutionGuid = {E0922730-4417-4E57-A64D-E79DA05778EE}
	EndGlobalSection
EndGlobal
